
Microsoft Visual Studio Solution File, Format Version 12.00
# Visual Studio Version 17
VisualStudioVersion = 17.9.34714.143
MinimumVisualStudioVersion = 10.0.40219.1
Project("{2150E333-8FDC-42A3-9474-1A3956D46DE8}") = "Services", "Services", "{8534E6A7-8CAB-41A9-BD19-1F8DCEB326C4}"
EndProject
Project("{2150E333-8FDC-42A3-9474-1A3956D46DE8}") = "Catalog", "Catalog", "{E2F02887-7DD8-49CC-ADE6-9C9FE4F84A79}"
EndProject
Project("{9A19103F-16F7-4668-BE54-9A1E7A4F7556}") = "MultiShop.Catalog", "Services\Catalog\MultiShop.Catalog\MultiShop.Catalog.csproj", "{5461B1B0-E6D2-4DEA-89CC-9CFFE6F8AD0C}"
EndProject
Project("{2150E333-8FDC-42A3-9474-1A3956D46DE8}") = "Discount", "Discount", "{C0C6F01D-8196-4B11-9FBC-D4C64BF18E5F}"
EndProject
Project("{9A19103F-16F7-4668-BE54-9A1E7A4F7556}") = "MultiShop.Discount", "Services\Discount\MultiShop.Discount\MultiShop.Discount.csproj", "{55E5ECE5-29EA-4F17-92F5-9CE8E99BDDC3}"
EndProject
Project("{2150E333-8FDC-42A3-9474-1A3956D46DE8}") = "Order", "Order", "{88D077A0-657E-4F07-B8AE-6F5E0E6C3E25}"
EndProject
Project("{2150E333-8FDC-42A3-9474-1A3956D46DE8}") = "Core", "Core", "{809BE332-0368-49DB-A145-6B741EB4E9BF}"
EndProject
Project("{2150E333-8FDC-42A3-9474-1A3956D46DE8}") = "Infrastructure", "Infrastructure", "{A4A5D952-C87A-468F-B37F-4A778570063E}"
EndProject
Project("{2150E333-8FDC-42A3-9474-1A3956D46DE8}") = "Presentation", "Presentation", "{8867FF4E-4F7D-4EB3-A533-41D437560789}"
EndProject
Project("{9A19103F-16F7-4668-BE54-9A1E7A4F7556}") = "MultiShop.Order.Domain", "Services\Order\Core\MultiShop.Order.Domain\MultiShop.Order.Domain.csproj", "{231737DD-07A6-4812-B40C-C6626F8E75F0}"
EndProject
Project("{9A19103F-16F7-4668-BE54-9A1E7A4F7556}") = "MultiShop.Order.Application", "Services\Order\Core\MultiShop.Order.Application\MultiShop.Order.Application.csproj", "{91EA8701-E379-459B-8156-C4FC8EBD0F85}"
EndProject
Project("{9A19103F-16F7-4668-BE54-9A1E7A4F7556}") = "MultiShop.Order.Persistence", "Services\Order\Infrastructure\MultiShop.Order.Persistence\MultiShop.Order.Persistence.csproj", "{9D66FBA3-5DA3-4FFF-B8AF-1A347767FC45}"
EndProject
Project("{9A19103F-16F7-4668-BE54-9A1E7A4F7556}") = "MultiShop.Order.WebAPI", "Services\Order\Presentation\MultiShop.Order.WebAPI\MultiShop.Order.WebAPI.csproj", "{2C3C5A37-63EC-4660-ACE3-D86B65990429}"
EndProject
Project("{2150E333-8FDC-42A3-9474-1A3956D46DE8}") = "IdentityServer", "IdentityServer", "{406F9F56-6542-4AC0-84EE-360B0184BCB1}"
EndProject
Project("{9A19103F-16F7-4668-BE54-9A1E7A4F7556}") = "MultiShop.IdentityServer", "IdentityServer\MultiShop.IdentityServer\MultiShop.IdentityServer.csproj", "{F8B3BA1A-F53D-4B6D-8ECA-3AA1D1632C5D}"
EndProject
Project("{2150E333-8FDC-42A3-9474-1A3956D46DE8}") = "Ports", "Ports", "{7C6EF381-98CC-4F87-B49F-3568A70B54DF}"
	ProjectSection(SolutionItems) = preProject
		Port.txt = Port.txt
	EndProjectSection
EndProject
Project("{2150E333-8FDC-42A3-9474-1A3956D46DE8}") = "Cargo", "Cargo", "{5246F948-0B70-4C57-97B9-50E96046595E}"
EndProject
Project("{9A19103F-16F7-4668-BE54-9A1E7A4F7556}") = "MultiShop.Cargo.EntityLayer", "Services\Cargo\MultiShop.Cargo.EntityLayer\MultiShop.Cargo.EntityLayer.csproj", "{0F4248B5-5C20-4ED3-82EA-E57F8FD7C72E}"
EndProject
Project("{9A19103F-16F7-4668-BE54-9A1E7A4F7556}") = "MultiShop.Cargo.BusinessLayer", "Services\Cargo\MultiShop.Cargo.BusinessLayer\MultiShop.Cargo.BusinessLayer.csproj", "{657DB2C1-8E41-4982-A674-2176875CB221}"
EndProject
Project("{9A19103F-16F7-4668-BE54-9A1E7A4F7556}") = "MultiShop.Cargo.DataAccessLayer", "Services\Cargo\MultiShop.Cargo.DataAccessLayer\MultiShop.Cargo.DataAccessLayer.csproj", "{98F62353-AC6E-43E3-B546-4F657AD0A2DA}"
EndProject
Project("{9A19103F-16F7-4668-BE54-9A1E7A4F7556}") = "MultiShop.Cargo.DtoLayer", "Services\Cargo\MultiShop.Cargo.DtoLayer\MultiShop.Cargo.DtoLayer.csproj", "{F7C88209-C6AA-42AB-A1D2-0476F05DAD14}"
EndProject
Project("{9A19103F-16F7-4668-BE54-9A1E7A4F7556}") = "MultiShop.Cargo.WebAPI", "Services\Cargo\MultiShop.Cargo.WebAPI\MultiShop.Cargo.WebAPI.csproj", "{8670ADEE-6418-4BB7-ACFB-68FC7C9756AB}"
EndProject
Project("{2150E333-8FDC-42A3-9474-1A3956D46DE8}") = "Basket", "Basket", "{F7F62E14-F76E-469A-A2EC-259FCE82CC08}"
EndProject
Project("{9A19103F-16F7-4668-BE54-9A1E7A4F7556}") = "MultiShop.Basket", "Services\Basket\MultiShop.Basket\MultiShop.Basket.csproj", "{64728720-6C24-4469-A8FD-1B9E6C3D0EAE}"
EndProject
Project("{2150E333-8FDC-42A3-9474-1A3956D46DE8}") = "Frontends", "Frontends", "{0D1A83A1-5FD9-4A5F-B4B9-F16171D98730}"
EndProject
Project("{9A19103F-16F7-4668-BE54-9A1E7A4F7556}") = "MultiShop.WebUI", "Frontends\MultiShop.WebUI\MultiShop.WebUI.csproj", "{F73E0E01-7FAA-41D1-B27F-03BDEF707FF3}"
EndProject
Project("{2150E333-8FDC-42A3-9474-1A3956D46DE8}") = "Shareds", "Shareds", "{E3736C43-F28D-40A9-B751-FDDC67DA309B}"
EndProject
Project("{9A19103F-16F7-4668-BE54-9A1E7A4F7556}") = "MultiShop.Shared", "Shareds\MultiShop.Shared\MultiShop.Shared.csproj", "{5AE539D5-CE18-48A4-99BB-37580BEA5A95}"
EndProject
Project("{9A19103F-16F7-4668-BE54-9A1E7A4F7556}") = "MultiShop.DtoLayer", "Frontends\MultiShop.DtoLayer\MultiShop.DtoLayer.csproj", "{137F92C5-21A7-4322-B0EA-FD360E4DD62F}"
EndProject
Project("{2150E333-8FDC-42A3-9474-1A3956D46DE8}") = "Comment", "Comment", "{AC886BD6-6161-42F5-A39F-B96883493DEB}"
EndProject
Project("{FAE04EC0-301F-11D3-BF4B-00C04F79EFBC}") = "MultiShop.Comment", "Services\Comment\MultiShop.Comment\MultiShop.Comment.csproj", "{B263C68B-8BA4-46B3-AFE3-F18A5BFA224B}"
EndProject
Project("{2150E333-8FDC-42A3-9474-1A3956D46DE8}") = "ApiGateway", "ApiGateway", "{E9F005BD-B5C3-4621-B9B6-9EF18D66065E}"
EndProject
Project("{2150E333-8FDC-42A3-9474-1A3956D46DE8}") = "RapidApi", "RapidApi", "{E71A05BA-E7B2-408C-AFCF-3C30FF5A6090}"
EndProject
Project("{FAE04EC0-301F-11D3-BF4B-00C04F79EFBC}") = "MultiShop.OcelotGateway", "ApiGateway\MultiShop.OcelotGateway\MultiShop.OcelotGateway.csproj", "{1DB0F4EE-B640-4C68-A32E-341E2239975D}"
EndProject
Project("{2150E333-8FDC-42A3-9474-1A3956D46DE8}") = "Payment", "Payment", "{0B97533E-F55C-401C-B126-E1AD19C375AC}"
EndProject
Project("{2150E333-8FDC-42A3-9474-1A3956D46DE8}") = "Image", "Image", "{63C52545-677C-4E3B-920F-66DA5DA938A4}"
EndProject
Project("{FAE04EC0-301F-11D3-BF4B-00C04F79EFBC}") = "MultiShop.Payment", "Services\Payment\MultiShop.Payment\MultiShop.Payment.csproj", "{C33CD515-B038-4C7F-9425-D407FB6E90EC}"
EndProject
Project("{FAE04EC0-301F-11D3-BF4B-00C04F79EFBC}") = "MultiShop.Image", "Services\Image\MultiShop.Image\MultiShop.Image.csproj", "{C0DEA0C5-ABF2-471C-89D6-10D99C58DECE}"
EndProject
Project("{2150E333-8FDC-42A3-9474-1A3956D46DE8}") = "Requirements", "Requirements", "{1723D5D5-4FB4-4CAE-8AE7-C616AFF1120C}"
	ProjectSection(SolutionItems) = preProject
		LoginIndexCode.txt = LoginIndexCode.txt
	EndProjectSection
EndProject
Global
	GlobalSection(SolutionConfigurationPlatforms) = preSolution
		Debug|Any CPU = Debug|Any CPU
		Release|Any CPU = Release|Any CPU
	EndGlobalSection
	GlobalSection(ProjectConfigurationPlatforms) = postSolution
		{5461B1B0-E6D2-4DEA-89CC-9CFFE6F8AD0C}.Debug|Any CPU.ActiveCfg = Debug|Any CPU
		{5461B1B0-E6D2-4DEA-89CC-9CFFE6F8AD0C}.Debug|Any CPU.Build.0 = Debug|Any CPU
		{5461B1B0-E6D2-4DEA-89CC-9CFFE6F8AD0C}.Release|Any CPU.ActiveCfg = Release|Any CPU
		{5461B1B0-E6D2-4DEA-89CC-9CFFE6F8AD0C}.Release|Any CPU.Build.0 = Release|Any CPU
		{55E5ECE5-29EA-4F17-92F5-9CE8E99BDDC3}.Debug|Any CPU.ActiveCfg = Debug|Any CPU
		{55E5ECE5-29EA-4F17-92F5-9CE8E99BDDC3}.Debug|Any CPU.Build.0 = Debug|Any CPU
		{55E5ECE5-29EA-4F17-92F5-9CE8E99BDDC3}.Release|Any CPU.ActiveCfg = Release|Any CPU
		{55E5ECE5-29EA-4F17-92F5-9CE8E99BDDC3}.Release|Any CPU.Build.0 = Release|Any CPU
		{231737DD-07A6-4812-B40C-C6626F8E75F0}.Debug|Any CPU.ActiveCfg = Debug|Any CPU
		{231737DD-07A6-4812-B40C-C6626F8E75F0}.Debug|Any CPU.Build.0 = Debug|Any CPU
		{231737DD-07A6-4812-B40C-C6626F8E75F0}.Release|Any CPU.ActiveCfg = Release|Any CPU
		{231737DD-07A6-4812-B40C-C6626F8E75F0}.Release|Any CPU.Build.0 = Release|Any CPU
		{91EA8701-E379-459B-8156-C4FC8EBD0F85}.Debug|Any CPU.ActiveCfg = Debug|Any CPU
		{91EA8701-E379-459B-8156-C4FC8EBD0F85}.Debug|Any CPU.Build.0 = Debug|Any CPU
		{91EA8701-E379-459B-8156-C4FC8EBD0F85}.Release|Any CPU.ActiveCfg = Release|Any CPU
		{91EA8701-E379-459B-8156-C4FC8EBD0F85}.Release|Any CPU.Build.0 = Release|Any CPU
		{9D66FBA3-5DA3-4FFF-B8AF-1A347767FC45}.Debug|Any CPU.ActiveCfg = Debug|Any CPU
		{9D66FBA3-5DA3-4FFF-B8AF-1A347767FC45}.Debug|Any CPU.Build.0 = Debug|Any CPU
		{9D66FBA3-5DA3-4FFF-B8AF-1A347767FC45}.Release|Any CPU.ActiveCfg = Release|Any CPU
		{9D66FBA3-5DA3-4FFF-B8AF-1A347767FC45}.Release|Any CPU.Build.0 = Release|Any CPU
		{2C3C5A37-63EC-4660-ACE3-D86B65990429}.Debug|Any CPU.ActiveCfg = Debug|Any CPU
		{2C3C5A37-63EC-4660-ACE3-D86B65990429}.Debug|Any CPU.Build.0 = Debug|Any CPU
		{2C3C5A37-63EC-4660-ACE3-D86B65990429}.Release|Any CPU.ActiveCfg = Release|Any CPU
		{2C3C5A37-63EC-4660-ACE3-D86B65990429}.Release|Any CPU.Build.0 = Release|Any CPU
		{F8B3BA1A-F53D-4B6D-8ECA-3AA1D1632C5D}.Debug|Any CPU.ActiveCfg = Debug|Any CPU
		{F8B3BA1A-F53D-4B6D-8ECA-3AA1D1632C5D}.Debug|Any CPU.Build.0 = Debug|Any CPU
		{F8B3BA1A-F53D-4B6D-8ECA-3AA1D1632C5D}.Release|Any CPU.ActiveCfg = Release|Any CPU
		{F8B3BA1A-F53D-4B6D-8ECA-3AA1D1632C5D}.Release|Any CPU.Build.0 = Release|Any CPU
		{0F4248B5-5C20-4ED3-82EA-E57F8FD7C72E}.Debug|Any CPU.ActiveCfg = Debug|Any CPU
		{0F4248B5-5C20-4ED3-82EA-E57F8FD7C72E}.Debug|Any CPU.Build.0 = Debug|Any CPU
		{0F4248B5-5C20-4ED3-82EA-E57F8FD7C72E}.Release|Any CPU.ActiveCfg = Release|Any CPU
		{0F4248B5-5C20-4ED3-82EA-E57F8FD7C72E}.Release|Any CPU.Build.0 = Release|Any CPU
		{657DB2C1-8E41-4982-A674-2176875CB221}.Debug|Any CPU.ActiveCfg = Debug|Any CPU
		{657DB2C1-8E41-4982-A674-2176875CB221}.Debug|Any CPU.Build.0 = Debug|Any CPU
		{657DB2C1-8E41-4982-A674-2176875CB221}.Release|Any CPU.ActiveCfg = Release|Any CPU
		{657DB2C1-8E41-4982-A674-2176875CB221}.Release|Any CPU.Build.0 = Release|Any CPU
		{98F62353-AC6E-43E3-B546-4F657AD0A2DA}.Debug|Any CPU.ActiveCfg = Debug|Any CPU
		{98F62353-AC6E-43E3-B546-4F657AD0A2DA}.Debug|Any CPU.Build.0 = Debug|Any CPU
		{98F62353-AC6E-43E3-B546-4F657AD0A2DA}.Release|Any CPU.ActiveCfg = Release|Any CPU
		{98F62353-AC6E-43E3-B546-4F657AD0A2DA}.Release|Any CPU.Build.0 = Release|Any CPU
		{F7C88209-C6AA-42AB-A1D2-0476F05DAD14}.Debug|Any CPU.ActiveCfg = Debug|Any CPU
		{F7C88209-C6AA-42AB-A1D2-0476F05DAD14}.Debug|Any CPU.Build.0 = Debug|Any CPU
		{F7C88209-C6AA-42AB-A1D2-0476F05DAD14}.Release|Any CPU.ActiveCfg = Release|Any CPU
		{F7C88209-C6AA-42AB-A1D2-0476F05DAD14}.Release|Any CPU.Build.0 = Release|Any CPU
		{8670ADEE-6418-4BB7-ACFB-68FC7C9756AB}.Debug|Any CPU.ActiveCfg = Debug|Any CPU
		{8670ADEE-6418-4BB7-ACFB-68FC7C9756AB}.Debug|Any CPU.Build.0 = Debug|Any CPU
		{8670ADEE-6418-4BB7-ACFB-68FC7C9756AB}.Release|Any CPU.ActiveCfg = Release|Any CPU
		{8670ADEE-6418-4BB7-ACFB-68FC7C9756AB}.Release|Any CPU.Build.0 = Release|Any CPU
		{64728720-6C24-4469-A8FD-1B9E6C3D0EAE}.Debug|Any CPU.ActiveCfg = Debug|Any CPU
		{64728720-6C24-4469-A8FD-1B9E6C3D0EAE}.Debug|Any CPU.Build.0 = Debug|Any CPU
		{64728720-6C24-4469-A8FD-1B9E6C3D0EAE}.Release|Any CPU.ActiveCfg = Release|Any CPU
		{64728720-6C24-4469-A8FD-1B9E6C3D0EAE}.Release|Any CPU.Build.0 = Release|Any CPU
		{F73E0E01-7FAA-41D1-B27F-03BDEF707FF3}.Debug|Any CPU.ActiveCfg = Debug|Any CPU
		{F73E0E01-7FAA-41D1-B27F-03BDEF707FF3}.Debug|Any CPU.Build.0 = Debug|Any CPU
		{F73E0E01-7FAA-41D1-B27F-03BDEF707FF3}.Release|Any CPU.ActiveCfg = Release|Any CPU
		{F73E0E01-7FAA-41D1-B27F-03BDEF707FF3}.Release|Any CPU.Build.0 = Release|Any CPU
		{5AE539D5-CE18-48A4-99BB-37580BEA5A95}.Debug|Any CPU.ActiveCfg = Debug|Any CPU
		{5AE539D5-CE18-48A4-99BB-37580BEA5A95}.Debug|Any CPU.Build.0 = Debug|Any CPU
		{5AE539D5-CE18-48A4-99BB-37580BEA5A95}.Release|Any CPU.ActiveCfg = Release|Any CPU
		{5AE539D5-CE18-48A4-99BB-37580BEA5A95}.Release|Any CPU.Build.0 = Release|Any CPU
		{137F92C5-21A7-4322-B0EA-FD360E4DD62F}.Debug|Any CPU.ActiveCfg = Debug|Any CPU
		{137F92C5-21A7-4322-B0EA-FD360E4DD62F}.Debug|Any CPU.Build.0 = Debug|Any CPU
		{137F92C5-21A7-4322-B0EA-FD360E4DD62F}.Release|Any CPU.ActiveCfg = Release|Any CPU
		{137F92C5-21A7-4322-B0EA-FD360E4DD62F}.Release|Any CPU.Build.0 = Release|Any CPU
		{B263C68B-8BA4-46B3-AFE3-F18A5BFA224B}.Debug|Any CPU.ActiveCfg = Debug|Any CPU
		{B263C68B-8BA4-46B3-AFE3-F18A5BFA224B}.Debug|Any CPU.Build.0 = Debug|Any CPU
		{B263C68B-8BA4-46B3-AFE3-F18A5BFA224B}.Release|Any CPU.ActiveCfg = Release|Any CPU
		{B263C68B-8BA4-46B3-AFE3-F18A5BFA224B}.Release|Any CPU.Build.0 = Release|Any CPU
		{1DB0F4EE-B640-4C68-A32E-341E2239975D}.Debug|Any CPU.ActiveCfg = Debug|Any CPU
		{1DB0F4EE-B640-4C68-A32E-341E2239975D}.Debug|Any CPU.Build.0 = Debug|Any CPU
		{1DB0F4EE-B640-4C68-A32E-341E2239975D}.Release|Any CPU.ActiveCfg = Release|Any CPU
		{1DB0F4EE-B640-4C68-A32E-341E2239975D}.Release|Any CPU.Build.0 = Release|Any CPU
		{C33CD515-B038-4C7F-9425-D407FB6E90EC}.Debug|Any CPU.ActiveCfg = Debug|Any CPU
		{C33CD515-B038-4C7F-9425-D407FB6E90EC}.Debug|Any CPU.Build.0 = Debug|Any CPU
		{C33CD515-B038-4C7F-9425-D407FB6E90EC}.Release|Any CPU.ActiveCfg = Release|Any CPU
		{C33CD515-B038-4C7F-9425-D407FB6E90EC}.Release|Any CPU.Build.0 = Release|Any CPU
		{C0DEA0C5-ABF2-471C-89D6-10D99C58DECE}.Debug|Any CPU.ActiveCfg = Debug|Any CPU
		{C0DEA0C5-ABF2-471C-89D6-10D99C58DECE}.Debug|Any CPU.Build.0 = Debug|Any CPU
		{C0DEA0C5-ABF2-471C-89D6-10D99C58DECE}.Release|Any CPU.ActiveCfg = Release|Any CPU
		{C0DEA0C5-ABF2-471C-89D6-10D99C58DECE}.Release|Any CPU.Build.0 = Release|Any CPU
	EndGlobalSection
	GlobalSection(SolutionProperties) = preSolution
		HideSolutionNode = FALSE
	EndGlobalSection
	GlobalSection(NestedProjects) = preSolution
		{E2F02887-7DD8-49CC-ADE6-9C9FE4F84A79} = {8534E6A7-8CAB-41A9-BD19-1F8DCEB326C4}
		{5461B1B0-E6D2-4DEA-89CC-9CFFE6F8AD0C} = {E2F02887-7DD8-49CC-ADE6-9C9FE4F84A79}
		{C0C6F01D-8196-4B11-9FBC-D4C64BF18E5F} = {8534E6A7-8CAB-41A9-BD19-1F8DCEB326C4}
		{55E5ECE5-29EA-4F17-92F5-9CE8E99BDDC3} = {C0C6F01D-8196-4B11-9FBC-D4C64BF18E5F}
		{88D077A0-657E-4F07-B8AE-6F5E0E6C3E25} = {8534E6A7-8CAB-41A9-BD19-1F8DCEB326C4}
		{809BE332-0368-49DB-A145-6B741EB4E9BF} = {88D077A0-657E-4F07-B8AE-6F5E0E6C3E25}
		{A4A5D952-C87A-468F-B37F-4A778570063E} = {88D077A0-657E-4F07-B8AE-6F5E0E6C3E25}
		{8867FF4E-4F7D-4EB3-A533-41D437560789} = {88D077A0-657E-4F07-B8AE-6F5E0E6C3E25}
		{231737DD-07A6-4812-B40C-C6626F8E75F0} = {809BE332-0368-49DB-A145-6B741EB4E9BF}
		{91EA8701-E379-459B-8156-C4FC8EBD0F85} = {809BE332-0368-49DB-A145-6B741EB4E9BF}
		{9D66FBA3-5DA3-4FFF-B8AF-1A347767FC45} = {A4A5D952-C87A-468F-B37F-4A778570063E}
		{2C3C5A37-63EC-4660-ACE3-D86B65990429} = {8867FF4E-4F7D-4EB3-A533-41D437560789}
		{406F9F56-6542-4AC0-84EE-360B0184BCB1} = {8534E6A7-8CAB-41A9-BD19-1F8DCEB326C4}
		{F8B3BA1A-F53D-4B6D-8ECA-3AA1D1632C5D} = {406F9F56-6542-4AC0-84EE-360B0184BCB1}
		{5246F948-0B70-4C57-97B9-50E96046595E} = {8534E6A7-8CAB-41A9-BD19-1F8DCEB326C4}
		{0F4248B5-5C20-4ED3-82EA-E57F8FD7C72E} = {5246F948-0B70-4C57-97B9-50E96046595E}
		{657DB2C1-8E41-4982-A674-2176875CB221} = {5246F948-0B70-4C57-97B9-50E96046595E}
		{98F62353-AC6E-43E3-B546-4F657AD0A2DA} = {5246F948-0B70-4C57-97B9-50E96046595E}
		{F7C88209-C6AA-42AB-A1D2-0476F05DAD14} = {5246F948-0B70-4C57-97B9-50E96046595E}
		{8670ADEE-6418-4BB7-ACFB-68FC7C9756AB} = {5246F948-0B70-4C57-97B9-50E96046595E}
		{F7F62E14-F76E-469A-A2EC-259FCE82CC08} = {8534E6A7-8CAB-41A9-BD19-1F8DCEB326C4}
		{64728720-6C24-4469-A8FD-1B9E6C3D0EAE} = {F7F62E14-F76E-469A-A2EC-259FCE82CC08}
		{F73E0E01-7FAA-41D1-B27F-03BDEF707FF3} = {0D1A83A1-5FD9-4A5F-B4B9-F16171D98730}
		{5AE539D5-CE18-48A4-99BB-37580BEA5A95} = {E3736C43-F28D-40A9-B751-FDDC67DA309B}
		{137F92C5-21A7-4322-B0EA-FD360E4DD62F} = {0D1A83A1-5FD9-4A5F-B4B9-F16171D98730}
		{AC886BD6-6161-42F5-A39F-B96883493DEB} = {8534E6A7-8CAB-41A9-BD19-1F8DCEB326C4}
		{B263C68B-8BA4-46B3-AFE3-F18A5BFA224B} = {AC886BD6-6161-42F5-A39F-B96883493DEB}
		{1DB0F4EE-B640-4C68-A32E-341E2239975D} = {E9F005BD-B5C3-4621-B9B6-9EF18D66065E}
		{0B97533E-F55C-401C-B126-E1AD19C375AC} = {8534E6A7-8CAB-41A9-BD19-1F8DCEB326C4}
		{63C52545-677C-4E3B-920F-66DA5DA938A4} = {8534E6A7-8CAB-41A9-BD19-1F8DCEB326C4}
		{C33CD515-B038-4C7F-9425-D407FB6E90EC} = {0B97533E-F55C-401C-B126-E1AD19C375AC}
		{C0DEA0C5-ABF2-471C-89D6-10D99C58DECE} = {63C52545-677C-4E3B-920F-66DA5DA938A4}
	EndGlobalSection
	GlobalSection(ExtensibilityGlobals) = postSolution
		SolutionGuid = {DCE76410-E3AD-4E9B-9082-4C2DA894B851}
	EndGlobalSection
EndGlobal
